
Microsoft Visual Studio Solution File, Format Version 12.00
# Visual Studio Version 17
VisualStudioVersion = 17.5.002.0
MinimumVisualStudioVersion = 10.0.40219.1
Project("{9A19103F-16F7-4668-BE54-9A1E7A4F7556}") = "View_Practice_MVC", "View_Practice_MVC.csproj", "{4510B3E7-8FBF-4C55-9B1E-5E42716AAFB5}"
EndProject
Global
	GlobalSection(SolutionConfigurationPlatforms) = preSolution
		Debug|Any CPU = Debug|Any CPU
		Release|Any CPU = Release|Any CPU
	EndGlobalSection
	GlobalSection(ProjectConfigurationPlatforms) = postSolution
		{4510B3E7-8FBF-4C55-9B1E-5E42716AAFB5}.Debug|Any CPU.ActiveCfg = Debug|Any CPU
		{4510B3E7-8FBF-4C55-9B1E-5E42716AAFB5}.Debug|Any CPU.Build.0 = Debug|Any CPU
		{4510B3E7-8FBF-4C55-9B1E-5E42716AAFB5}.Release|Any CPU.ActiveCfg = Release|Any CPU
		{4510B3E7-8FBF-4C55-9B1E-5E42716AAFB5}.Release|Any CPU.Build.0 = Release|Any CPU
	EndGlobalSection
	GlobalSection(SolutionProperties) = preSolution
		HideSolutionNode = FALSE
	EndGlobalSection
	GlobalSection(ExtensibilityGlobals) = postSolution
		SolutionGuid = {C765E8DB-1D2B-4284-8025-49895B8C3772}
	EndGlobalSection
EndGlobal
